
Microsoft Visual Studio Solution File, Format Version 12.00
# Visual Studio 15
VisualStudioVersion = 15.0.26730.16
MinimumVisualStudioVersion = 10.0.40219.1
Project("{FAE04EC0-301F-11D3-BF4B-00C04F79EFBC}") = "XF.Recursos.Android", "XF.Recursos\XF.Recursos.Android\XF.Recursos.Android.csproj", "{78ED15A2-C98E-4FC5-AD7B-1881A3B84039}"
EndProject
Project("{FAE04EC0-301F-11D3-BF4B-00C04F79EFBC}") = "XF.Recursos", "XF.Recursos\XF.Recursos\XF.Recursos.csproj", "{FC6C0ACF-BEE9-492D-8441-7D3FAC824B52}"
EndProject
Project("{FAE04EC0-301F-11D3-BF4B-00C04F79EFBC}") = "XF.Recursos.UWP", "XF.Recursos\XF.Recursos.UWP\XF.Recursos.UWP.csproj", "{01FAC24E-9E46-4B79-BE15-064906C3EF16}"
EndProject
Project("{FAE04EC0-301F-11D3-BF4B-00C04F79EFBC}") = "XF.Recursos.iOS", "XF.Recursos\XF.Recursos.iOS\XF.Recursos.iOS.csproj", "{E6719A2B-6CC9-417C-A932-19C1E931E780}"
EndProject
Global
	GlobalSection(SolutionConfigurationPlatforms) = preSolution
		Ad-Hoc|Any CPU = Ad-Hoc|Any CPU
		Ad-Hoc|ARM = Ad-Hoc|ARM
		Ad-Hoc|iPhone = Ad-Hoc|iPhone
		Ad-Hoc|iPhoneSimulator = Ad-Hoc|iPhoneSimulator
		Ad-Hoc|x64 = Ad-Hoc|x64
		Ad-Hoc|x86 = Ad-Hoc|x86
		AppStore|Any CPU = AppStore|Any CPU
		AppStore|ARM = AppStore|ARM
		AppStore|iPhone = AppStore|iPhone
		AppStore|iPhoneSimulator = AppStore|iPhoneSimulator
		AppStore|x64 = AppStore|x64
		AppStore|x86 = AppStore|x86
		Debug|Any CPU = Debug|Any CPU
		Debug|ARM = Debug|ARM
		Debug|iPhone = Debug|iPhone
		Debug|iPhoneSimulator = Debug|iPhoneSimulator
		Debug|x64 = Debug|x64
		Debug|x86 = Debug|x86
		Release|Any CPU = Release|Any CPU
		Release|ARM = Release|ARM
		Release|iPhone = Release|iPhone
		Release|iPhoneSimulator = Release|iPhoneSimulator
		Release|x64 = Release|x64
		Release|x86 = Release|x86
	EndGlobalSection
	GlobalSection(ProjectConfigurationPlatforms) = postSolution
		{78ED15A2-C98E-4FC5-AD7B-1881A3B84039}.Ad-Hoc|Any CPU.ActiveCfg = Release|Any CPU
		{78ED15A2-C98E-4FC5-AD7B-1881A3B84039}.Ad-Hoc|Any CPU.Build.0 = Release|Any CPU
		{78ED15A2-C98E-4FC5-AD7B-1881A3B84039}.Ad-Hoc|Any CPU.Deploy.0 = Release|Any CPU
		{78ED15A2-C98E-4FC5-AD7B-1881A3B84039}.Ad-Hoc|ARM.ActiveCfg = Release|Any CPU
		{78ED15A2-C98E-4FC5-AD7B-1881A3B84039}.Ad-Hoc|ARM.Build.0 = Release|Any CPU
		{78ED15A2-C98E-4FC5-AD7B-1881A3B84039}.Ad-Hoc|ARM.Deploy.0 = Release|Any CPU
		{78ED15A2-C98E-4FC5-AD7B-1881A3B84039}.Ad-Hoc|iPhone.ActiveCfg = Release|Any CPU
		{78ED15A2-C98E-4FC5-AD7B-1881A3B84039}.Ad-Hoc|iPhone.Build.0 = Release|Any CPU
		{78ED15A2-C98E-4FC5-AD7B-1881A3B84039}.Ad-Hoc|iPhone.Deploy.0 = Release|Any CPU
		{78ED15A2-C98E-4FC5-AD7B-1881A3B84039}.Ad-Hoc|iPhoneSimulator.ActiveCfg = Release|Any CPU
		{78ED15A2-C98E-4FC5-AD7B-1881A3B84039}.Ad-Hoc|iPhoneSimulator.Build.0 = Release|Any CPU
		{78ED15A2-C98E-4FC5-AD7B-1881A3B84039}.Ad-Hoc|iPhoneSimulator.Deploy.0 = Release|Any CPU
		{78ED15A2-C98E-4FC5-AD7B-1881A3B84039}.Ad-Hoc|x64.ActiveCfg = Release|Any CPU
		{78ED15A2-C98E-4FC5-AD7B-1881A3B84039}.Ad-Hoc|x64.Build.0 = Release|Any CPU
		{78ED15A2-C98E-4FC5-AD7B-1881A3B84039}.Ad-Hoc|x64.Deploy.0 = Release|Any CPU
		{78ED15A2-C98E-4FC5-AD7B-1881A3B84039}.Ad-Hoc|x86.ActiveCfg = Release|Any CPU
		{78ED15A2-C98E-4FC5-AD7B-1881A3B84039}.Ad-Hoc|x86.Build.0 = Release|Any CPU
		{78ED15A2-C98E-4FC5-AD7B-1881A3B84039}.Ad-Hoc|x86.Deploy.0 = Release|Any CPU
		{78ED15A2-C98E-4FC5-AD7B-1881A3B84039}.AppStore|Any CPU.ActiveCfg = Release|Any CPU
		{78ED15A2-C98E-4FC5-AD7B-1881A3B84039}.AppStore|Any CPU.Build.0 = Release|Any CPU
		{78ED15A2-C98E-4FC5-AD7B-1881A3B84039}.AppStore|Any CPU.Deploy.0 = Release|Any CPU
		{78ED15A2-C98E-4FC5-AD7B-1881A3B84039}.AppStore|ARM.ActiveCfg = Release|Any CPU
		{78ED15A2-C98E-4FC5-AD7B-1881A3B84039}.AppStore|ARM.Build.0 = Release|Any CPU
		{78ED15A2-C98E-4FC5-AD7B-1881A3B84039}.AppStore|ARM.Deploy.0 = Release|Any CPU
		{78ED15A2-C98E-4FC5-AD7B-1881A3B84039}.AppStore|iPhone.ActiveCfg = Release|Any CPU
		{78ED15A2-C98E-4FC5-AD7B-1881A3B84039}.AppStore|iPhone.Build.0 = Release|Any CPU
		{78ED15A2-C98E-4FC5-AD7B-1881A3B84039}.AppStore|iPhone.Deploy.0 = Release|Any CPU
		{78ED15A2-C98E-4FC5-AD7B-1881A3B84039}.AppStore|iPhoneSimulator.ActiveCfg = Release|Any CPU
		{78ED15A2-C98E-4FC5-AD7B-1881A3B84039}.AppStore|iPhoneSimulator.Build.0 = Release|Any CPU
		{78ED15A2-C98E-4FC5-AD7B-1881A3B84039}.AppStore|iPhoneSimulator.Deploy.0 = Release|Any CPU
		{78ED15A2-C98E-4FC5-AD7B-1881A3B84039}.AppStore|x64.ActiveCfg = Release|Any CPU
		{78ED15A2-C98E-4FC5-AD7B-1881A3B84039}.AppStore|x64.Build.0 = Release|Any CPU
		{78ED15A2-C98E-4FC5-AD7B-1881A3B84039}.AppStore|x64.Deploy.0 = Release|Any CPU
		{78ED15A2-C98E-4FC5-AD7B-1881A3B84039}.AppStore|x86.ActiveCfg = Release|Any CPU
		{78ED15A2-C98E-4FC5-AD7B-1881A3B84039}.AppStore|x86.Build.0 = Release|Any CPU
		{78ED15A2-C98E-4FC5-AD7B-1881A3B84039}.AppStore|x86.Deploy.0 = Release|Any CPU
		{78ED15A2-C98E-4FC5-AD7B-1881A3B84039}.Debug|Any CPU.ActiveCfg = Debug|Any CPU
		{78ED15A2-C98E-4FC5-AD7B-1881A3B84039}.Debug|Any CPU.Build.0 = Debug|Any CPU
		{78ED15A2-C98E-4FC5-AD7B-1881A3B84039}.Debug|Any CPU.Deploy.0 = Debug|Any CPU
		{78ED15A2-C98E-4FC5-AD7B-1881A3B84039}.Debug|ARM.ActiveCfg = Debug|Any CPU
		{78ED15A2-C98E-4FC5-AD7B-1881A3B84039}.Debug|ARM.Build.0 = Debug|Any CPU
		{78ED15A2-C98E-4FC5-AD7B-1881A3B84039}.Debug|ARM.Deploy.0 = Debug|Any CPU
		{78ED15A2-C98E-4FC5-AD7B-1881A3B84039}.Debug|iPhone.ActiveCfg = Debug|Any CPU
		{78ED15A2-C98E-4FC5-AD7B-1881A3B84039}.Debug|iPhone.Build.0 = Debug|Any CPU
		{78ED15A2-C98E-4FC5-AD7B-1881A3B84039}.Debug|iPhone.Deploy.0 = Debug|Any CPU
		{78ED15A2-C98E-4FC5-AD7B-1881A3B84039}.Debug|iPhoneSimulator.ActiveCfg = Debug|Any CPU
		{78ED15A2-C98E-4FC5-AD7B-1881A3B84039}.Debug|iPhoneSimulator.Build.0 = Debug|Any CPU
		{78ED15A2-C98E-4FC5-AD7B-1881A3B84039}.Debug|iPhoneSimulator.Deploy.0 = Debug|Any CPU
		{78ED15A2-C98E-4FC5-AD7B-1881A3B84039}.Debug|x64.ActiveCfg = Debug|Any CPU
		{78ED15A2-C98E-4FC5-AD7B-1881A3B84039}.Debug|x64.Build.0 = Debug|Any CPU
		{78ED15A2-C98E-4FC5-AD7B-1881A3B84039}.Debug|x64.Deploy.0 = Debug|Any CPU
		{78ED15A2-C98E-4FC5-AD7B-1881A3B84039}.Debug|x86.ActiveCfg = Debug|Any CPU
		{78ED15A2-C98E-4FC5-AD7B-1881A3B84039}.Debug|x86.Build.0 = Debug|Any CPU
		{78ED15A2-C98E-4FC5-AD7B-1881A3B84039}.Debug|x86.Deploy.0 = Debug|Any CPU
		{78ED15A2-C98E-4FC5-AD7B-1881A3B84039}.Release|Any CPU.ActiveCfg = Release|Any CPU
		{78ED15A2-C98E-4FC5-AD7B-1881A3B84039}.Release|Any CPU.Build.0 = Release|Any CPU
		{78ED15A2-C98E-4FC5-AD7B-1881A3B84039}.Release|Any CPU.Deploy.0 = Release|Any CPU
		{78ED15A2-C98E-4FC5-AD7B-1881A3B84039}.Release|ARM.ActiveCfg = Release|Any CPU
		{78ED15A2-C98E-4FC5-AD7B-1881A3B84039}.Release|ARM.Build.0 = Release|Any CPU
		{78ED15A2-C98E-4FC5-AD7B-1881A3B84039}.Release|ARM.Deploy.0 = Release|Any CPU
		{78ED15A2-C98E-4FC5-AD7B-1881A3B84039}.Release|iPhone.ActiveCfg = Release|Any CPU
		{78ED15A2-C98E-4FC5-AD7B-1881A3B84039}.Release|iPhone.Build.0 = Release|Any CPU
		{78ED15A2-C98E-4FC5-AD7B-1881A3B84039}.Release|iPhone.Deploy.0 = Release|Any CPU
		{78ED15A2-C98E-4FC5-AD7B-1881A3B84039}.Release|iPhoneSimulator.ActiveCfg = Release|Any CPU
		{78ED15A2-C98E-4FC5-AD7B-1881A3B84039}.Release|iPhoneSimulator.Build.0 = Release|Any CPU
		{78ED15A2-C98E-4FC5-AD7B-1881A3B84039}.Release|iPhoneSimulator.Deploy.0 = Release|Any CPU
		{78ED15A2-C98E-4FC5-AD7B-1881A3B84039}.Release|x64.ActiveCfg = Release|Any CPU
		{78ED15A2-C98E-4FC5-AD7B-1881A3B84039}.Release|x64.Build.0 = Release|Any CPU
		{78ED15A2-C98E-4FC5-AD7B-1881A3B84039}.Release|x64.Deploy.0 = Release|Any CPU
		{78ED15A2-C98E-4FC5-AD7B-1881A3B84039}.Release|x86.ActiveCfg = Release|Any CPU
		{78ED15A2-C98E-4FC5-AD7B-1881A3B84039}.Release|x86.Build.0 = Release|Any CPU
		{78ED15A2-C98E-4FC5-AD7B-1881A3B84039}.Release|x86.Deploy.0 = Release|Any CPU
		{FC6C0ACF-BEE9-492D-8441-7D3FAC824B52}.Ad-Hoc|Any CPU.ActiveCfg = Release|Any CPU
		{FC6C0ACF-BEE9-492D-8441-7D3FAC824B52}.Ad-Hoc|Any CPU.Build.0 = Release|Any CPU
		{FC6C0ACF-BEE9-492D-8441-7D3FAC824B52}.Ad-Hoc|ARM.ActiveCfg = Release|Any CPU
		{FC6C0ACF-BEE9-492D-8441-7D3FAC824B52}.Ad-Hoc|ARM.Build.0 = Release|Any CPU
		{FC6C0ACF-BEE9-492D-8441-7D3FAC824B52}.Ad-Hoc|iPhone.ActiveCfg = Release|Any CPU
		{FC6C0ACF-BEE9-492D-8441-7D3FAC824B52}.Ad-Hoc|iPhone.Build.0 = Release|Any CPU
		{FC6C0ACF-BEE9-492D-8441-7D3FAC824B52}.Ad-Hoc|iPhoneSimulator.ActiveCfg = Release|Any CPU
		{FC6C0ACF-BEE9-492D-8441-7D3FAC824B52}.Ad-Hoc|iPhoneSimulator.Build.0 = Release|Any CPU
		{FC6C0ACF-BEE9-492D-8441-7D3FAC824B52}.Ad-Hoc|x64.ActiveCfg = Release|Any CPU
		{FC6C0ACF-BEE9-492D-8441-7D3FAC824B52}.Ad-Hoc|x64.Build.0 = Release|Any CPU
		{FC6C0ACF-BEE9-492D-8441-7D3FAC824B52}.Ad-Hoc|x86.ActiveCfg = Release|Any CPU
		{FC6C0ACF-BEE9-492D-8441-7D3FAC824B52}.Ad-Hoc|x86.Build.0 = Release|Any CPU
		{FC6C0ACF-BEE9-492D-8441-7D3FAC824B52}.AppStore|Any CPU.ActiveCfg = Release|Any CPU
		{FC6C0ACF-BEE9-492D-8441-7D3FAC824B52}.AppStore|Any CPU.Build.0 = Release|Any CPU
		{FC6C0ACF-BEE9-492D-8441-7D3FAC824B52}.AppStore|ARM.ActiveCfg = Release|Any CPU
		{FC6C0ACF-BEE9-492D-8441-7D3FAC824B52}.AppStore|ARM.Build.0 = Release|Any CPU
		{FC6C0ACF-BEE9-492D-8441-7D3FAC824B52}.AppStore|iPhone.ActiveCfg = Release|Any CPU
		{FC6C0ACF-BEE9-492D-8441-7D3FAC824B52}.AppStore|iPhone.Build.0 = Release|Any CPU
		{FC6C0ACF-BEE9-492D-8441-7D3FAC824B52}.AppStore|iPhoneSimulator.ActiveCfg = Release|Any CPU
		{FC6C0ACF-BEE9-492D-8441-7D3FAC824B52}.AppStore|iPhoneSimulator.Build.0 = Release|Any CPU
		{FC6C0ACF-BEE9-492D-8441-7D3FAC824B52}.AppStore|x64.ActiveCfg = Release|Any CPU
		{FC6C0ACF-BEE9-492D-8441-7D3FAC824B52}.AppStore|x64.Build.0 = Release|Any CPU
		{FC6C0ACF-BEE9-492D-8441-7D3FAC824B52}.AppStore|x86.ActiveCfg = Release|Any CPU
		{FC6C0ACF-BEE9-492D-8441-7D3FAC824B52}.AppStore|x86.Build.0 = Release|Any CPU
		{FC6C0ACF-BEE9-492D-8441-7D3FAC824B52}.Debug|Any CPU.ActiveCfg = Debug|Any CPU
		{FC6C0ACF-BEE9-492D-8441-7D3FAC824B52}.Debug|Any CPU.Build.0 = Debug|Any CPU
		{FC6C0ACF-BEE9-492D-8441-7D3FAC824B52}.Debug|ARM.ActiveCfg = Debug|Any CPU
		{FC6C0ACF-BEE9-492D-8441-7D3FAC824B52}.Debug|ARM.Build.0 = Debug|Any CPU
		{FC6C0ACF-BEE9-492D-8441-7D3FAC824B52}.Debug|iPhone.ActiveCfg = Debug|Any CPU
		{FC6C0ACF-BEE9-492D-8441-7D3FAC824B52}.Debug|iPhone.Build.0 = Debug|Any CPU
		{FC6C0ACF-BEE9-492D-8441-7D3FAC824B52}.Debug|iPhoneSimulator.ActiveCfg = Debug|Any CPU
		{FC6C0ACF-BEE9-492D-8441-7D3FAC824B52}.Debug|iPhoneSimulator.Build.0 = Debug|Any CPU
		{FC6C0ACF-BEE9-492D-8441-7D3FAC824B52}.Debug|x64.ActiveCfg = Debug|Any CPU
		{FC6C0ACF-BEE9-492D-8441-7D3FAC824B52}.Debug|x64.Build.0 = Debug|Any CPU
		{FC6C0ACF-BEE9-492D-8441-7D3FAC824B52}.Debug|x86.ActiveCfg = Debug|Any CPU
		{FC6C0ACF-BEE9-492D-8441-7D3FAC824B52}.Debug|x86.Build.0 = Debug|Any CPU
		{FC6C0ACF-BEE9-492D-8441-7D3FAC824B52}.Release|Any CPU.ActiveCfg = Release|Any CPU
		{FC6C0ACF-BEE9-492D-8441-7D3FAC824B52}.Release|Any CPU.Build.0 = Release|Any CPU
		{FC6C0ACF-BEE9-492D-8441-7D3FAC824B52}.Release|ARM.ActiveCfg = Release|Any CPU
		{FC6C0ACF-BEE9-492D-8441-7D3FAC824B52}.Release|ARM.Build.0 = Release|Any CPU
		{FC6C0ACF-BEE9-492D-8441-7D3FAC824B52}.Release|iPhone.ActiveCfg = Release|Any CPU
		{FC6C0ACF-BEE9-492D-8441-7D3FAC824B52}.Release|iPhone.Build.0 = Release|Any CPU
		{FC6C0ACF-BEE9-492D-8441-7D3FAC824B52}.Release|iPhoneSimulator.ActiveCfg = Release|Any CPU
		{FC6C0ACF-BEE9-492D-8441-7D3FAC824B52}.Release|iPhoneSimulator.Build.0 = Release|Any CPU
		{FC6C0ACF-BEE9-492D-8441-7D3FAC824B52}.Release|x64.ActiveCfg = Release|Any CPU
		{FC6C0ACF-BEE9-492D-8441-7D3FAC824B52}.Release|x64.Build.0 = Release|Any CPU
		{FC6C0ACF-BEE9-492D-8441-7D3FAC824B52}.Release|x86.ActiveCfg = Release|Any CPU
		{FC6C0ACF-BEE9-492D-8441-7D3FAC824B52}.Release|x86.Build.0 = Release|Any CPU
		{01FAC24E-9E46-4B79-BE15-064906C3EF16}.Ad-Hoc|Any CPU.ActiveCfg = Release|x86
		{01FAC24E-9E46-4B79-BE15-064906C3EF16}.Ad-Hoc|Any CPU.Build.0 = Release|x86
		{01FAC24E-9E46-4B79-BE15-064906C3EF16}.Ad-Hoc|Any CPU.Deploy.0 = Release|x86
		{01FAC24E-9E46-4B79-BE15-064906C3EF16}.Ad-Hoc|ARM.ActiveCfg = Release|ARM
		{01FAC24E-9E46-4B79-BE15-064906C3EF16}.Ad-Hoc|ARM.Build.0 = Release|ARM
		{01FAC24E-9E46-4B79-BE15-064906C3EF16}.Ad-Hoc|ARM.Deploy.0 = Release|ARM
		{01FAC24E-9E46-4B79-BE15-064906C3EF16}.Ad-Hoc|iPhone.ActiveCfg = Release|x86
		{01FAC24E-9E46-4B79-BE15-064906C3EF16}.Ad-Hoc|iPhone.Build.0 = Release|x86
		{01FAC24E-9E46-4B79-BE15-064906C3EF16}.Ad-Hoc|iPhone.Deploy.0 = Release|x86
		{01FAC24E-9E46-4B79-BE15-064906C3EF16}.Ad-Hoc|iPhoneSimulator.ActiveCfg = Release|x86
		{01FAC24E-9E46-4B79-BE15-064906C3EF16}.Ad-Hoc|iPhoneSimulator.Build.0 = Release|x86
		{01FAC24E-9E46-4B79-BE15-064906C3EF16}.Ad-Hoc|iPhoneSimulator.Deploy.0 = Release|x86
		{01FAC24E-9E46-4B79-BE15-064906C3EF16}.Ad-Hoc|x64.ActiveCfg = Release|x64
		{01FAC24E-9E46-4B79-BE15-064906C3EF16}.Ad-Hoc|x64.Build.0 = Release|x64
		{01FAC24E-9E46-4B79-BE15-064906C3EF16}.Ad-Hoc|x64.Deploy.0 = Release|x64
		{01FAC24E-9E46-4B79-BE15-064906C3EF16}.Ad-Hoc|x86.ActiveCfg = Release|x86
		{01FAC24E-9E46-4B79-BE15-064906C3EF16}.Ad-Hoc|x86.Build.0 = Release|x86
		{01FAC24E-9E46-4B79-BE15-064906C3EF16}.Ad-Hoc|x86.Deploy.0 = Release|x86
		{01FAC24E-9E46-4B79-BE15-064906C3EF16}.AppStore|Any CPU.ActiveCfg = Release|x86
		{01FAC24E-9E46-4B79-BE15-064906C3EF16}.AppStore|Any CPU.Build.0 = Release|x86
		{01FAC24E-9E46-4B79-BE15-064906C3EF16}.AppStore|Any CPU.Deploy.0 = Release|x86
		{01FAC24E-9E46-4B79-BE15-064906C3EF16}.AppStore|ARM.ActiveCfg = Release|ARM
		{01FAC24E-9E46-4B79-BE15-064906C3EF16}.AppStore|ARM.Build.0 = Release|ARM
		{01FAC24E-9E46-4B79-BE15-064906C3EF16}.AppStore|ARM.Deploy.0 = Release|ARM
		{01FAC24E-9E46-4B79-BE15-064906C3EF16}.AppStore|iPhone.ActiveCfg = Release|x86
		{01FAC24E-9E46-4B79-BE15-064906C3EF16}.AppStore|iPhone.Build.0 = Release|x86
		{01FAC24E-9E46-4B79-BE15-064906C3EF16}.AppStore|iPhone.Deploy.0 = Release|x86
		{01FAC24E-9E46-4B79-BE15-064906C3EF16}.AppStore|iPhoneSimulator.ActiveCfg = Release|x86
		{01FAC24E-9E46-4B79-BE15-064906C3EF16}.AppStore|iPhoneSimulator.Build.0 = Release|x86
		{01FAC24E-9E46-4B79-BE15-064906C3EF16}.AppStore|iPhoneSimulator.Deploy.0 = Release|x86
		{01FAC24E-9E46-4B79-BE15-064906C3EF16}.AppStore|x64.ActiveCfg = Release|x64
		{01FAC24E-9E46-4B79-BE15-064906C3EF16}.AppStore|x64.Build.0 = Release|x64
		{01FAC24E-9E46-4B79-BE15-064906C3EF16}.AppStore|x64.Deploy.0 = Release|x64
		{01FAC24E-9E46-4B79-BE15-064906C3EF16}.AppStore|x86.ActiveCfg = Release|x86
		{01FAC24E-9E46-4B79-BE15-064906C3EF16}.AppStore|x86.Build.0 = Release|x86
		{01FAC24E-9E46-4B79-BE15-064906C3EF16}.AppStore|x86.Deploy.0 = Release|x86
		{01FAC24E-9E46-4B79-BE15-064906C3EF16}.Debug|Any CPU.ActiveCfg = Debug|x86
		{01FAC24E-9E46-4B79-BE15-064906C3EF16}.Debug|ARM.ActiveCfg = Debug|ARM
		{01FAC24E-9E46-4B79-BE15-064906C3EF16}.Debug|ARM.Build.0 = Debug|ARM
		{01FAC24E-9E46-4B79-BE15-064906C3EF16}.Debug|ARM.Deploy.0 = Debug|ARM
		{01FAC24E-9E46-4B79-BE15-064906C3EF16}.Debug|iPhone.ActiveCfg = Debug|x86
		{01FAC24E-9E46-4B79-BE15-064906C3EF16}.Debug|iPhoneSimulator.ActiveCfg = Debug|x86
		{01FAC24E-9E46-4B79-BE15-064906C3EF16}.Debug|x64.ActiveCfg = Debug|x64
		{01FAC24E-9E46-4B79-BE15-064906C3EF16}.Debug|x64.Build.0 = Debug|x64
		{01FAC24E-9E46-4B79-BE15-064906C3EF16}.Debug|x64.Deploy.0 = Debug|x64
		{01FAC24E-9E46-4B79-BE15-064906C3EF16}.Debug|x86.ActiveCfg = Debug|x86
		{01FAC24E-9E46-4B79-BE15-064906C3EF16}.Debug|x86.Build.0 = Debug|x86
		{01FAC24E-9E46-4B79-BE15-064906C3EF16}.Debug|x86.Deploy.0 = Debug|x86
		{01FAC24E-9E46-4B79-BE15-064906C3EF16}.Release|Any CPU.ActiveCfg = Release|x86
		{01FAC24E-9E46-4B79-BE15-064906C3EF16}.Release|ARM.ActiveCfg = Release|ARM
		{01FAC24E-9E46-4B79-BE15-064906C3EF16}.Release|ARM.Build.0 = Release|ARM
		{01FAC24E-9E46-4B79-BE15-064906C3EF16}.Release|ARM.Deploy.0 = Release|ARM
		{01FAC24E-9E46-4B79-BE15-064906C3EF16}.Release|iPhone.ActiveCfg = Release|x86
		{01FAC24E-9E46-4B79-BE15-064906C3EF16}.Release|iPhoneSimulator.ActiveCfg = Release|x86
		{01FAC24E-9E46-4B79-BE15-064906C3EF16}.Release|x64.ActiveCfg = Release|x64
		{01FAC24E-9E46-4B79-BE15-064906C3EF16}.Release|x64.Build.0 = Release|x64
		{01FAC24E-9E46-4B79-BE15-064906C3EF16}.Release|x64.Deploy.0 = Release|x64
		{01FAC24E-9E46-4B79-BE15-064906C3EF16}.Release|x86.ActiveCfg = Release|x86
		{01FAC24E-9E46-4B79-BE15-064906C3EF16}.Release|x86.Build.0 = Release|x86
		{01FAC24E-9E46-4B79-BE15-064906C3EF16}.Release|x86.Deploy.0 = Release|x86
		{E6719A2B-6CC9-417C-A932-19C1E931E780}.Ad-Hoc|Any CPU.ActiveCfg = Ad-Hoc|iPhone
		{E6719A2B-6CC9-417C-A932-19C1E931E780}.Ad-Hoc|ARM.ActiveCfg = Ad-Hoc|iPhone
		{E6719A2B-6CC9-417C-A932-19C1E931E780}.Ad-Hoc|iPhone.ActiveCfg = Ad-Hoc|iPhone
		{E6719A2B-6CC9-417C-A932-19C1E931E780}.Ad-Hoc|iPhone.Build.0 = Ad-Hoc|iPhone
		{E6719A2B-6CC9-417C-A932-19C1E931E780}.Ad-Hoc|iPhoneSimulator.ActiveCfg = Ad-Hoc|iPhoneSimulator
		{E6719A2B-6CC9-417C-A932-19C1E931E780}.Ad-Hoc|iPhoneSimulator.Build.0 = Ad-Hoc|iPhoneSimulator
		{E6719A2B-6CC9-417C-A932-19C1E931E780}.Ad-Hoc|x64.ActiveCfg = Ad-Hoc|iPhone
		{E6719A2B-6CC9-417C-A932-19C1E931E780}.Ad-Hoc|x86.ActiveCfg = Ad-Hoc|iPhone
		{E6719A2B-6CC9-417C-A932-19C1E931E780}.AppStore|Any CPU.ActiveCfg = AppStore|iPhone
		{E6719A2B-6CC9-417C-A932-19C1E931E780}.AppStore|ARM.ActiveCfg = AppStore|iPhone
		{E6719A2B-6CC9-417C-A932-19C1E931E780}.AppStore|iPhone.ActiveCfg = AppStore|iPhone
		{E6719A2B-6CC9-417C-A932-19C1E931E780}.AppStore|iPhone.Build.0 = AppStore|iPhone
		{E6719A2B-6CC9-417C-A932-19C1E931E780}.AppStore|iPhoneSimulator.ActiveCfg = AppStore|iPhoneSimulator
		{E6719A2B-6CC9-417C-A932-19C1E931E780}.AppStore|iPhoneSimulator.Build.0 = AppStore|iPhoneSimulator
		{E6719A2B-6CC9-417C-A932-19C1E931E780}.AppStore|x64.ActiveCfg = AppStore|iPhone
		{E6719A2B-6CC9-417C-A932-19C1E931E780}.AppStore|x86.ActiveCfg = AppStore|iPhone
		{E6719A2B-6CC9-417C-A932-19C1E931E780}.Debug|Any CPU.ActiveCfg = Debug|iPhone
		{E6719A2B-6CC9-417C-A932-19C1E931E780}.Debug|ARM.ActiveCfg = Debug|iPhone
		{E6719A2B-6CC9-417C-A932-19C1E931E780}.Debug|iPhone.ActiveCfg = Debug|iPhone
		{E6719A2B-6CC9-417C-A932-19C1E931E780}.Debug|iPhone.Build.0 = Debug|iPhone
		{E6719A2B-6CC9-417C-A932-19C1E931E780}.Debug|iPhoneSimulator.ActiveCfg = Debug|iPhoneSimulator
		{E6719A2B-6CC9-417C-A932-19C1E931E780}.Debug|iPhoneSimulator.Build.0 = Debug|iPhoneSimulator
		{E6719A2B-6CC9-417C-A932-19C1E931E780}.Debug|x64.ActiveCfg = Debug|iPhone
		{E6719A2B-6CC9-417C-A932-19C1E931E780}.Debug|x86.ActiveCfg = Debug|iPhone
		{E6719A2B-6CC9-417C-A932-19C1E931E780}.Release|Any CPU.ActiveCfg = Release|iPhone
		{E6719A2B-6CC9-417C-A932-19C1E931E780}.Release|ARM.ActiveCfg = Release|iPhone
		{E6719A2B-6CC9-417C-A932-19C1E931E780}.Release|iPhone.ActiveCfg = Release|iPhone
		{E6719A2B-6CC9-417C-A932-19C1E931E780}.Release|iPhone.Build.0 = Release|iPhone
		{E6719A2B-6CC9-417C-A932-19C1E931E780}.Release|iPhoneSimulator.ActiveCfg = Release|iPhoneSimulator
		{E6719A2B-6CC9-417C-A932-19C1E931E780}.Release|iPhoneSimulator.Build.0 = Release|iPhoneSimulator
		{E6719A2B-6CC9-417C-A932-19C1E931E780}.Release|x64.ActiveCfg = Release|iPhone
		{E6719A2B-6CC9-417C-A932-19C1E931E780}.Release|x86.ActiveCfg = Release|iPhone
	EndGlobalSection
	GlobalSection(SolutionProperties) = preSolution
		HideSolutionNode = FALSE
	EndGlobalSection
	GlobalSection(ExtensibilityGlobals) = postSolution
		SolutionGuid = {5273D3E8-B38D-45A9-AC49-81BEBC4D5872}
	EndGlobalSection
EndGlobal
